
Microsoft Visual Studio Solution File, Format Version 12.00
# Visual Studio Version 16
VisualStudioVersion = 16.0.808.6
MinimumVisualStudioVersion = 10.0.40219.1
Project("{FAE04EC0-301F-11D3-BF4B-00C04F79EFBC}") = "BethanysPieShopStockApp", "BethanysPieShopStockApp.csproj", "{888816AA-04C4-4BFF-9302-6BE60B68A31A}"
EndProject
Global
	GlobalSection(SolutionConfigurationPlatforms) = preSolution
		Debug|Any CPU = Debug|Any CPU
		Release|Any CPU = Release|Any CPU
	EndGlobalSection
	GlobalSection(ProjectConfigurationPlatforms) = postSolution
		{888816AA-04C4-4BFF-9302-6BE60B68A31A}.Debug|Any CPU.ActiveCfg = Debug|Any CPU
		{888816AA-04C4-4BFF-9302-6BE60B68A31A}.Debug|Any CPU.Build.0 = Debug|Any CPU
		{888816AA-04C4-4BFF-9302-6BE60B68A31A}.Release|Any CPU.ActiveCfg = Release|Any CPU
		{888816AA-04C4-4BFF-9302-6BE60B68A31A}.Release|Any CPU.Build.0 = Release|Any CPU
	EndGlobalSection
	GlobalSection(SolutionProperties) = preSolution
		HideSolutionNode = FALSE
	EndGlobalSection
	GlobalSection(ExtensibilityGlobals) = postSolution
		SolutionGuid = {3DE1EE68-6ECD-4180-B60A-7480171230A7}
	EndGlobalSection
EndGlobal
